// !$*UTF8*$!
{
	archiveVersion = 1;
	classes = {
	};
	objectVersion = 46;
	objects = {

/* Begin PBXBuildFile section */
		4C1181F41E53541300ECD5B4 /* AppDelegate.swift in Sources */ = {isa = PBXBuildFile; fileRef = 4C1181F31E53541300ECD5B4 /* AppDelegate.swift */; };
		4C1181F61E53541300ECD5B4 /* ViewController.swift in Sources */ = {isa = PBXBuildFile; fileRef = 4C1181F51E53541300ECD5B4 /* ViewController.swift */; };
		4C1181F91E53541300ECD5B4 /* Main.storyboard in Resources */ = {isa = PBXBuildFile; fileRef = 4C1181F71E53541300ECD5B4 /* Main.storyboard */; };
		4C1181FB1E53541300ECD5B4 /* Assets.xcassets in Resources */ = {isa = PBXBuildFile; fileRef = 4C1181FA1E53541300ECD5B4 /* Assets.xcassets */; };
		4C1181FE1E53541300ECD5B4 /* LaunchScreen.storyboard in Resources */ = {isa = PBXBuildFile; fileRef = 4C1181FC1E53541300ECD5B4 /* LaunchScreen.storyboard */; };
		4CEDEEEE1E5F0D5A00FDFB1E /* CalculatorEngine.swift in Sources */ = {isa = PBXBuildFile; fileRef = 4CEDEEED1E5F0D5A00FDFB1E /* CalculatorEngine.swift */; };
		4CF003FF1E602D5D0008300F /* OperationsViewController.swift in Sources */ = {isa = PBXBuildFile; fileRef = 4CF003FD1E602D5D0008300F /* OperationsViewController.swift */; };
		4CF004001E602D5D0008300F /* OperationsViewController.xib in Resources */ = {isa = PBXBuildFile; fileRef = 4CF003FE1E602D5D0008300F /* OperationsViewController.xib */; };
/* End PBXBuildFile section */

/* Begin PBXFileReference section */
		4C1181F01E53541300ECD5B4 /* ScientificCalculator.app */ = {isa = PBXFileReference; explicitFileType = wrapper.application; includeInIndex = 0; path = ScientificCalculator.app; sourceTree = BUILT_PRODUCTS_DIR; };
		4C1181F31E53541300ECD5B4 /* AppDelegate.swift */ = {isa = PBXFileReference; lastKnownFileType = sourcecode.swift; path = AppDelegate.swift; sourceTree = "<group>"; };
		4C1181F51E53541300ECD5B4 /* ViewController.swift */ = {isa = PBXFileReference; lastKnownFileType = sourcecode.swift; path = ViewController.swift; sourceTree = "<group>"; };
		4C1181F81E53541300ECD5B4 /* Base */ = {isa = PBXFileReference; lastKnownFileType = file.storyboard; name = Base; path = Base.lproj/Main.storyboard; sourceTree = "<group>"; };
		4C1181FA1E53541300ECD5B4 /* Assets.xcassets */ = {isa = PBXFileReference; lastKnownFileType = folder.assetcatalog; path = Assets.xcassets; sourceTree = "<group>"; };
		4C1181FD1E53541300ECD5B4 /* Base */ = {isa = PBXFileReference; lastKnownFileType = file.storyboard; name = Base; path = Base.lproj/LaunchScreen.storyboard; sourceTree = "<group>"; };
		4C1181FF1E53541300ECD5B4 /* Info.plist */ = {isa = PBXFileReference; lastKnownFileType = text.plist.xml; path = Info.plist; sourceTree = "<group>"; };
		4CEDEEED1E5F0D5A00FDFB1E /* CalculatorEngine.swift */ = {isa = PBXFileReference; fileEncoding = 4; lastKnownFileType = sourcecode.swift; path = CalculatorEngine.swift; sourceTree = "<group>"; };
		4CF003FD1E602D5D0008300F /* OperationsViewController.swift */ = {isa = PBXFileReference; fileEncoding = 4; lastKnownFileType = sourcecode.swift; path = OperationsViewController.swift; sourceTree = "<group>"; };
		4CF003FE1E602D5D0008300F /* OperationsViewController.xib */ = {isa = PBXFileReference; fileEncoding = 4; lastKnownFileType = file.xib; path = OperationsViewController.xib; sourceTree = "<group>"; };
/* End PBXFileReference section */

/* Begin PBXFrameworksBuildPhase section */
		4C1181ED1E53541300ECD5B4 /* Frameworks */ = {
			isa = PBXFrameworksBuildPhase;
			buildActionMask = 2147483647;
			files = (
			);
			runOnlyForDeploymentPostprocessing = 0;
		};
/* End PBXFrameworksBuildPhase section */

/* Begin PBXGroup section */
		4C1181E71E53541300ECD5B4 = {
			isa = PBXGroup;
			children = (
				4C1181F21E53541300ECD5B4 /* ScientificCalculator */,
				4C1181F11E53541300ECD5B4 /* Products */,
			);
			sourceTree = "<group>";
		};
		4C1181F11E53541300ECD5B4 /* Products */ = {
			isa = PBXGroup;
			children = (
				4C1181F01E53541300ECD5B4 /* ScientificCalculator.app */,
			);
			name = Products;
			sourceTree = "<group>";
		};
		4C1181F21E53541300ECD5B4 /* ScientificCalculator */ = {
			isa = PBXGroup;
			children = (
				4CEDEEED1E5F0D5A00FDFB1E /* CalculatorEngine.swift */,
				4C1181F31E53541300ECD5B4 /* AppDelegate.swift */,
				4C1181F51E53541300ECD5B4 /* ViewController.swift */,
				4C1181F71E53541300ECD5B4 /* Main.storyboard */,
				4C1181FA1E53541300ECD5B4 /* Assets.xcassets */,
				4C1181FC1E53541300ECD5B4 /* LaunchScreen.storyboard */,
				4C1181FF1E53541300ECD5B4 /* Info.plist */,
				4CF003FD1E602D5D0008300F /* OperationsViewController.swift */,
				4CF003FE1E602D5D0008300F /* OperationsViewController.xib */,
			);
			path = ScientificCalculator;
			sourceTree = "<group>";
		};
/* End PBXGroup section */

/* Begin PBXNativeTarget section */
		4C1181EF1E53541300ECD5B4 /* ScientificCalculator */ = {
			isa = PBXNativeTarget;
			buildConfigurationList = 4C1182021E53541300ECD5B4 /* Build configuration list for PBXNativeTarget "ScientificCalculator" */;
			buildPhases = (
				4C1181EC1E53541300ECD5B4 /* Sources */,
				4C1181ED1E53541300ECD5B4 /* Frameworks */,
				4C1181EE1E53541300ECD5B4 /* Resources */,
			);
			buildRules = (
			);
			dependencies = (
			);
			name = ScientificCalculator;
			productName = ScientificCalculator;
			productReference = 4C1181F01E53541300ECD5B4 /* ScientificCalculator.app */;
			productType = "com.apple.product-type.application";
		};
/* End PBXNativeTarget section */

/* Begin PBXProject section */
		4C1181E81E53541300ECD5B4 /* Project object */ = {
			isa = PBXProject;
			attributes = {
				LastSwiftUpdateCheck = 0820;
				LastUpgradeCheck = 0820;
				ORGANIZATIONNAME = "Maria Bartoszuk";
				TargetAttributes = {
					4C1181EF1E53541300ECD5B4 = {
						CreatedOnToolsVersion = 8.2.1;
						ProvisioningStyle = Automatic;
					};
				};
			};
			buildConfigurationList = 4C1181EB1E53541300ECD5B4 /* Build configuration list for PBXProject "ScientificCalculator" */;
			compatibilityVersion = "Xcode 3.2";
			developmentRegion = English;
			hasScannedForEncodings = 0;
			knownRegions = (
				en,
				Base,
			);
			mainGroup = 4C1181E71E53541300ECD5B4;
			productRefGroup = 4C1181F11E53541300ECD5B4 /* Products */;
			projectDirPath = "";
			projectRoot = "";
			targets = (
				4C1181EF1E53541300ECD5B4 /* ScientificCalculator */,
			);
		};
/* End PBXProject section */

/* Begin PBXResourcesBuildPhase section */
		4C1181EE1E53541300ECD5B4 /* Resources */ = {
			isa = PBXResourcesBuildPhase;
			buildActionMask = 2147483647;
			files = (
				4CF004001E602D5D0008300F /* OperationsViewController.xib in Resources */,
				4C1181FE1E53541300ECD5B4 /* LaunchScreen.storyboard in Resources */,
				4C1181FB1E53541300ECD5B4 /* Assets.xcassets in Resources */,
				4C1181F91E53541300ECD5B4 /* Main.storyboard in Resources */,
			);
			runOnlyForDeploymentPostprocessing = 0;
		};
/* End PBXResourcesBuildPhase section */

/* Begin PBXSourcesBuildPhase section */
		4C1181EC1E53541300ECD5B4 /* Sources */ = {
			isa = PBXSourcesBuildPhase;
			buildActionMask = 2147483647;
			files = (
				4CF003FF1E602D5D0008300F /* OperationsViewController.swift in Sources */,
				4C1181F61E53541300ECD5B4 /* ViewController.swift in Sources */,
				4C1181F41E53541300ECD5B4 /* AppDelegate.swift in Sources */,
				4CEDEEEE1E5F0D5A00FDFB1E /* CalculatorEngine.swift in Sources */,
			);
			runOnlyForDeploymentPostprocessing = 0;
		};
/* End PBXSourcesBuildPhase section */

/* Begin PBXVariantGroup section */
		4C1181F71E53541300ECD5B4 /* Main.storyboard */ = {
			isa = PBXVariantGroup;
			children = (
				4C1181F81E53541300ECD5B4 /* Base */,
			);
			name = Main.storyboard;
			sourceTree = "<group>";
		};
		4C1181FC1E53541300ECD5B4 /* LaunchScreen.storyboard */ = {
			isa = PBXVariantGroup;
			children = (
				4C1181FD1E53541300ECD5B4 /* Base */,
			);
			name = LaunchScreen.storyboard;
			sourceTree = "<group>";
		};
/* End PBXVariantGroup section */

/* Begin XCBuildConfiguration section */
		4C1182001E53541300ECD5B4 /* Debug */ = {
			isa = XCBuildConfiguration;
			buildSettings = {
				ALWAYS_SEARCH_USER_PATHS = NO;
				CLANG_ANALYZER_NONNULL = YES;
				CLANG_CXX_LANGUAGE_STANDARD = "gnu++0x";
				CLANG_CXX_LIBRARY = "libc++";
				CLANG_ENABLE_MODULES = YES;
				CLANG_ENABLE_OBJC_ARC = YES;
				CLANG_WARN_BOOL_CONVERSION = YES;
				CLANG_WARN_CONSTANT_CONVERSION = YES;
				CLANG_WARN_DIRECT_OBJC_ISA_USAGE = YES_ERROR;
				CLANG_WARN_DOCUMENTATION_COMMENTS = YES;
				CLANG_WARN_EMPTY_BODY = YES;
				CLANG_WARN_ENUM_CONVERSION = YES;
				CLANG_WARN_INFINITE_RECURSION = YES;
				CLANG_WARN_INT_CONVERSION = YES;
				CLANG_WARN_OBJC_ROOT_CLASS = YES_ERROR;
				CLANG_WARN_SUSPICIOUS_MOVE = YES;
				CLANG_WARN_UNREACHABLE_CODE = YES;
				CLANG_WARN__DUPLICATE_METHOD_MATCH = YES;
				"CODE_SIGN_IDENTITY[sdk=iphoneos*]" = "iPhone Developer";
				COPY_PHASE_STRIP = NO;
				DEBUG_INFORMATION_FORMAT = dwarf;
				ENABLE_STRICT_OBJC_MSGSEND = YES;
				ENABLE_TESTABILITY = YES;
				GCC_C_LANGUAGE_STANDARD = gnu99;
				GCC_DYNAMIC_NO_PIC = NO;
				GCC_NO_COMMON_BLOCKS = YES;
				GCC_OPTIMIZATION_LEVEL = 0;
				GCC_PREPROCESSOR_DEFINITIONS = (
					"DEBUG=1",
					"$(inherited)",
				);
				GCC_WARN_64_TO_32_BIT_CONVERSION = YES;
				GCC_WARN_ABOUT_RETURN_TYPE = YES_ERROR;
				GCC_WARN_UNDECLARED_SELECTOR = YES;
				GCC_WARN_UNINITIALIZED_AUTOS = YES_AGGRESSIVE;
				GCC_WARN_UNUSED_FUNCTION = YES;
				GCC_WARN_UNUSED_VARIABLE = YES;
				IPHONEOS_DEPLOYMENT_TARGET = 10.2;
				MTL_ENABLE_DEBUG_INFO = YES;
				ONLY_ACTIVE_ARCH = YES;
				SDKROOT = iphoneos;
				SWIFT_ACTIVE_COMPILATION_CONDITIONS = DEBUG;
				SWIFT_OPTIMIZATION_LEVEL = "-Onone";
			};
			name = Debug;
		};
		4C1182011E53541300ECD5B4 /* Release */ = {
			isa = XCBuildConfiguration;
			buildSettings = {
				ALWAYS_SEARCH_USER_PATHS = NO;
				CLANG_ANALYZER_NONNULL = YES;
				CLANG_CXX_LANGUAGE_STANDARD = "gnu++0x";
				CLANG_CXX_LIBRARY = "libc++";
				CLANG_ENABLE_MODULES = YES;
				CLANG_ENABLE_OBJC_ARC = YES;
				CLANG_WARN_BOOL_CONVERSION = YES;
				CLANG_WARN_CONSTANT_CONVERSION = YES;
				CLANG_WARN_DIRECT_OBJC_ISA_USAGE = YES_ERROR;
				CLANG_WARN_DOCUMENTATION_COMMENTS = YES;
				CLANG_WARN_EMPTY_BODY = YES;
				CLANG_WARN_ENUM_CONVERSION = YES;
				CLANG_WARN_INFINITE_RECURSION = YES;
				CLANG_WARN_INT_CONVERSION = YES;
				CLANG_WARN_OBJC_ROOT_CLASS = YES_ERROR;
				CLANG_WARN_SUSPICIOUS_MOVE = YES;
				CLANG_WARN_UNREACHABLE_CODE = YES;
				CLANG_WARN__DUPLICATE_METHOD_MATCH = YES;
				"CODE_SIGN_IDENTITY[sdk=iphoneos*]" = "iPhone Developer";
				COPY_PHASE_STRIP = NO;
				DEBUG_INFORMATION_FORMAT = "dwarf-with-dsym";
				ENABLE_NS_ASSERTIONS = NO;
				ENABLE_STRICT_OBJC_MSGSEND = YES;
				GCC_C_LANGUAGE_STANDARD = gnu99;
				GCC_NO_COMMON_BLOCKS = YES;
				GCC_WARN_64_TO_32_BIT_CONVERSION = YES;
				GCC_WARN_ABOUT_RETURN_TYPE = YES_ERROR;
				GCC_WARN_UNDECLARED_SELECTOR = YES;
				GCC_WARN_UNINITIALIZED_AUTOS = YES_AGGRESSIVE;
				GCC_WARN_UNUSED_FUNCTION = YES;
				GCC_WARN_UNUSED_VARIABLE = YES;
				IPHONEOS_DEPLOYMENT_TARGET = 10.2;
				MTL_ENABLE_DEBUG_INFO = NO;
				SDKROOT = iphoneos;
				SWIFT_OPTIMIZATION_LEVEL = "-Owholemodule";
				VALIDATE_PRODUCT = YES;
			};
			name = Release;
		};
		4C1182031E53541300ECD5B4 /* Debug */ = {
			isa = XCBuildConfiguration;
			buildSettings = {
				ASSETCATALOG_COMPILER_APPICON_NAME = AppIcon;
				INFOPLIST_FILE = ScientificCalculator/Info.plist;
				LD_RUNPATH_SEARCH_PATHS = "$(inherited) @executable_path/Frameworks";
				PRODUCT_BUNDLE_IDENTIFIER = com.mariabartoszuk.ScientificCalculator;
				PRODUCT_NAME = "$(TARGET_NAME)";
				SWIFT_VERSION = 3.0;
			};
			name = Debug;
		};
		4C1182041E53541300ECD5B4 /* Release */ = {
			isa = XCBuildConfiguration;
			buildSettings = {
				ASSETCATALOG_COMPILER_APPICON_NAME = AppIcon;
				INFOPLIST_FILE = ScientificCalculator/Info.plist;
				LD_RUNPATH_SEARCH_PATHS = "$(inherited) @executable_path/Frameworks";
				PRODUCT_BUNDLE_IDENTIFIER = com.mariabartoszuk.ScientificCalculator;
				PRODUCT_NAME = "$(TARGET_NAME)";
				SWIFT_VERSION = 3.0;
			};
			name = Release;
		};
/* End XCBuildConfiguration section */

/* Begin XCConfigurationList section */
		4C1181EB1E53541300ECD5B4 /* Build configuration list for PBXProject "ScientificCalculator" */ = {
			isa = XCConfigurationList;
			buildConfigurations = (
				4C1182001E53541300ECD5B4 /* Debug */,
				4C1182011E53541300ECD5B4 /* Release */,
			);
			defaultConfigurationIsVisible = 0;
			defaultConfigurationName = Release;
		};
		4C1182021E53541300ECD5B4 /* Build configuration list for PBXNativeTarget "ScientificCalculator" */ = {
			isa = XCConfigurationList;
			buildConfigurations = (
				4C1182031E53541300ECD5B4 /* Debug */,
				4C1182041E53541300ECD5B4 /* Release */,
			);
			defaultConfigurationIsVisible = 0;
			defaultConfigurationName = Release;
		};
/* End XCConfigurationList section */
	};
	rootObject = 4C1181E81E53541300ECD5B4 /* Project object */;
}
